// !$*UTF8*$!
{
	archiveVersion = 1;
	classes = {
	};
	objectVersion = 50;
	objects = {

/* Begin PBXBuildFile section */
		D70C42D021049FB5001DC4F5 /* MMLoger.framework in Frameworks */ = {isa = PBXBuildFile; fileRef = D70C42C621049FB5001DC4F5 /* MMLoger.framework */; };
		D70C42D521049FB5001DC4F5 /* MMLogerTests.m in Sources */ = {isa = PBXBuildFile; fileRef = D70C42D421049FB5001DC4F5 /* MMLogerTests.m */; };
		D70C42FB21049FDF001DC4F5 /* MM_LogModule.m in Sources */ = {isa = PBXBuildFile; fileRef = D70C42E221049FDF001DC4F5 /* MM_LogModule.m */; };
		D70C42FD21049FDF001DC4F5 /* MM_LogFileManager.h in Headers */ = {isa = PBXBuildFile; fileRef = D70C42E421049FDF001DC4F5 /* MM_LogFileManager.h */; };
		D70C42FE21049FDF001DC4F5 /* DDTTYLogger.m in Sources */ = {isa = PBXBuildFile; fileRef = D70C42E621049FDF001DC4F5 /* DDTTYLogger.m */; };
		D70C42FF21049FDF001DC4F5 /* DDLog.h in Headers */ = {isa = PBXBuildFile; fileRef = D70C42E721049FDF001DC4F5 /* DDLog.h */; settings = {ATTRIBUTES = (Public, ); }; };
		D70C430021049FDF001DC4F5 /* DDContextFilterLogFormatter.m in Sources */ = {isa = PBXBuildFile; fileRef = D70C42E821049FDF001DC4F5 /* DDContextFilterLogFormatter.m */; };
		D70C430121049FDF001DC4F5 /* DDAbstractDatabaseLogger.h in Headers */ = {isa = PBXBuildFile; fileRef = D70C42E921049FDF001DC4F5 /* DDAbstractDatabaseLogger.h */; };
		D70C430421049FDF001DC4F5 /* DDFileLogger.h in Headers */ = {isa = PBXBuildFile; fileRef = D70C42EC21049FDF001DC4F5 /* DDFileLogger.h */; };
		D70C430521049FDF001DC4F5 /* DDLog.m in Sources */ = {isa = PBXBuildFile; fileRef = D70C42ED21049FDF001DC4F5 /* DDLog.m */; };
		D70C430621049FDF001DC4F5 /* DDContextFilterLogFormatter.h in Headers */ = {isa = PBXBuildFile; fileRef = D70C42EE21049FDF001DC4F5 /* DDContextFilterLogFormatter.h */; };
		D70C430721049FDF001DC4F5 /* DDTTYLogger.h in Headers */ = {isa = PBXBuildFile; fileRef = D70C42EF21049FDF001DC4F5 /* DDTTYLogger.h */; };
		D70C430821049FDF001DC4F5 /* DDAssert.h in Headers */ = {isa = PBXBuildFile; fileRef = D70C42F021049FDF001DC4F5 /* DDAssert.h */; };
		D70C430921049FDF001DC4F5 /* DDLog+LOGV.h in Headers */ = {isa = PBXBuildFile; fileRef = D70C42F121049FDF001DC4F5 /* DDLog+LOGV.h */; };
		D70C430A21049FDF001DC4F5 /* DDAbstractDatabaseLogger.m in Sources */ = {isa = PBXBuildFile; fileRef = D70C42F221049FDF001DC4F5 /* DDAbstractDatabaseLogger.m */; };
		D70C430B21049FDF001DC4F5 /* DDFileLogger.m in Sources */ = {isa = PBXBuildFile; fileRef = D70C42F321049FDF001DC4F5 /* DDFileLogger.m */; };
		D70C430E21049FDF001DC4F5 /* MM_LogFileManager.m in Sources */ = {isa = PBXBuildFile; fileRef = D70C42F621049FDF001DC4F5 /* MM_LogFileManager.m */; };
		D70C430F21049FDF001DC4F5 /* MM_LogModule.h in Headers */ = {isa = PBXBuildFile; fileRef = D70C42F721049FDF001DC4F5 /* MM_LogModule.h */; settings = {ATTRIBUTES = (Public, ); }; };
		D70C43142104A0CB001DC4F5 /* MM_Logger.h in Headers */ = {isa = PBXBuildFile; fileRef = D70C43122104A0CB001DC4F5 /* MM_Logger.h */; settings = {ATTRIBUTES = (Public, ); }; };
		D70C43152104A0CB001DC4F5 /* MM_Logger.m in Sources */ = {isa = PBXBuildFile; fileRef = D70C43132104A0CB001DC4F5 /* MM_Logger.m */; };
		D70C43162104A0CB001DC4F5 /* MM_Logger.m in Sources */ = {isa = PBXBuildFile; fileRef = D70C43132104A0CB001DC4F5 /* MM_Logger.m */; };
/* End PBXBuildFile section */

/* Begin PBXContainerItemProxy section */
		D70C42D121049FB5001DC4F5 /* PBXContainerItemProxy */ = {
			isa = PBXContainerItemProxy;
			containerPortal = D70C42BD21049FB5001DC4F5 /* Project object */;
			proxyType = 1;
			remoteGlobalIDString = D70C42C521049FB5001DC4F5;
			remoteInfo = MMLoger;
		};
/* End PBXContainerItemProxy section */

/* Begin PBXFileReference section */
		D70C42C621049FB5001DC4F5 /* MMLoger.framework */ = {isa = PBXFileReference; explicitFileType = wrapper.framework; includeInIndex = 0; path = MMLoger.framework; sourceTree = BUILT_PRODUCTS_DIR; };
		D70C42CA21049FB5001DC4F5 /* Info.plist */ = {isa = PBXFileReference; lastKnownFileType = text.plist.xml; path = Info.plist; sourceTree = "<group>"; };
		D70C42CF21049FB5001DC4F5 /* MMLogerTests.xctest */ = {isa = PBXFileReference; explicitFileType = wrapper.cfbundle; includeInIndex = 0; path = MMLogerTests.xctest; sourceTree = BUILT_PRODUCTS_DIR; };
		D70C42D421049FB5001DC4F5 /* MMLogerTests.m */ = {isa = PBXFileReference; lastKnownFileType = sourcecode.c.objc; path = MMLogerTests.m; sourceTree = "<group>"; };
		D70C42D621049FB5001DC4F5 /* Info.plist */ = {isa = PBXFileReference; lastKnownFileType = text.plist.xml; path = Info.plist; sourceTree = "<group>"; };
		D70C42E221049FDF001DC4F5 /* MM_LogModule.m */ = {isa = PBXFileReference; fileEncoding = 4; lastKnownFileType = sourcecode.c.objc; path = MM_LogModule.m; sourceTree = "<group>"; };
		D70C42E421049FDF001DC4F5 /* MM_LogFileManager.h */ = {isa = PBXFileReference; fileEncoding = 4; lastKnownFileType = sourcecode.c.h; path = MM_LogFileManager.h; sourceTree = "<group>"; };
		D70C42E621049FDF001DC4F5 /* DDTTYLogger.m */ = {isa = PBXFileReference; fileEncoding = 4; lastKnownFileType = sourcecode.c.objc; path = DDTTYLogger.m; sourceTree = "<group>"; };
		D70C42E721049FDF001DC4F5 /* DDLog.h */ = {isa = PBXFileReference; fileEncoding = 4; lastKnownFileType = sourcecode.c.h; path = DDLog.h; sourceTree = "<group>"; };
		D70C42E821049FDF001DC4F5 /* DDContextFilterLogFormatter.m */ = {isa = PBXFileReference; fileEncoding = 4; lastKnownFileType = sourcecode.c.objc; path = DDContextFilterLogFormatter.m; sourceTree = "<group>"; };
		D70C42E921049FDF001DC4F5 /* DDAbstractDatabaseLogger.h */ = {isa = PBXFileReference; fileEncoding = 4; lastKnownFileType = sourcecode.c.h; path = DDAbstractDatabaseLogger.h; sourceTree = "<group>"; };
		D70C42EC21049FDF001DC4F5 /* DDFileLogger.h */ = {isa = PBXFileReference; fileEncoding = 4; lastKnownFileType = sourcecode.c.h; path = DDFileLogger.h; sourceTree = "<group>"; };
		D70C42ED21049FDF001DC4F5 /* DDLog.m */ = {isa = PBXFileReference; fileEncoding = 4; lastKnownFileType = sourcecode.c.objc; path = DDLog.m; sourceTree = "<group>"; };
		D70C42EE21049FDF001DC4F5 /* DDContextFilterLogFormatter.h */ = {isa = PBXFileReference; fileEncoding = 4; lastKnownFileType = sourcecode.c.h; path = DDContextFilterLogFormatter.h; sourceTree = "<group>"; };
		D70C42EF21049FDF001DC4F5 /* DDTTYLogger.h */ = {isa = PBXFileReference; fileEncoding = 4; lastKnownFileType = sourcecode.c.h; path = DDTTYLogger.h; sourceTree = "<group>"; };
		D70C42F021049FDF001DC4F5 /* DDAssert.h */ = {isa = PBXFileReference; fileEncoding = 4; lastKnownFileType = sourcecode.c.h; path = DDAssert.h; sourceTree = "<group>"; };
		D70C42F121049FDF001DC4F5 /* DDLog+LOGV.h */ = {isa = PBXFileReference; fileEncoding = 4; lastKnownFileType = sourcecode.c.h; path = "DDLog+LOGV.h"; sourceTree = "<group>"; };
		D70C42F221049FDF001DC4F5 /* DDAbstractDatabaseLogger.m */ = {isa = PBXFileReference; fileEncoding = 4; lastKnownFileType = sourcecode.c.objc; path = DDAbstractDatabaseLogger.m; sourceTree = "<group>"; };
		D70C42F321049FDF001DC4F5 /* DDFileLogger.m */ = {isa = PBXFileReference; fileEncoding = 4; lastKnownFileType = sourcecode.c.objc; path = DDFileLogger.m; sourceTree = "<group>"; };
		D70C42F621049FDF001DC4F5 /* MM_LogFileManager.m */ = {isa = PBXFileReference; fileEncoding = 4; lastKnownFileType = sourcecode.c.objc; path = MM_LogFileManager.m; sourceTree = "<group>"; };
		D70C42F721049FDF001DC4F5 /* MM_LogModule.h */ = {isa = PBXFileReference; fileEncoding = 4; lastKnownFileType = sourcecode.c.h; path = MM_LogModule.h; sourceTree = "<group>"; };
		D70C43122104A0CB001DC4F5 /* MM_Logger.h */ = {isa = PBXFileReference; lastKnownFileType = sourcecode.c.h; path = MM_Logger.h; sourceTree = "<group>"; };
		D70C43132104A0CB001DC4F5 /* MM_Logger.m */ = {isa = PBXFileReference; lastKnownFileType = sourcecode.c.objc; path = MM_Logger.m; sourceTree = "<group>"; };
/* End PBXFileReference section */

/* Begin PBXFrameworksBuildPhase section */
		D70C42C221049FB5001DC4F5 /* Frameworks */ = {
			isa = PBXFrameworksBuildPhase;
			buildActionMask = 2147483647;
			files = (
			);
			runOnlyForDeploymentPostprocessing = 0;
		};
		D70C42CC21049FB5001DC4F5 /* Frameworks */ = {
			isa = PBXFrameworksBuildPhase;
			buildActionMask = 2147483647;
			files = (
				D70C42D021049FB5001DC4F5 /* MMLoger.framework in Frameworks */,
			);
			runOnlyForDeploymentPostprocessing = 0;
		};
/* End PBXFrameworksBuildPhase section */

/* Begin PBXGroup section */
		D70C42BC21049FB5001DC4F5 = {
			isa = PBXGroup;
			children = (
				D70C42C821049FB5001DC4F5 /* MMLoger */,
				D70C42D321049FB5001DC4F5 /* MMLogerTests */,
				D70C42C721049FB5001DC4F5 /* Products */,
			);
			sourceTree = "<group>";
		};
		D70C42C721049FB5001DC4F5 /* Products */ = {
			isa = PBXGroup;
			children = (
				D70C42C621049FB5001DC4F5 /* MMLoger.framework */,
				D70C42CF21049FB5001DC4F5 /* MMLogerTests.xctest */,
			);
			name = Products;
			sourceTree = "<group>";
		};
		D70C42C821049FB5001DC4F5 /* MMLoger */ = {
			isa = PBXGroup;
			children = (
				D70C43122104A0CB001DC4F5 /* MM_Logger.h */,
				D70C43132104A0CB001DC4F5 /* MM_Logger.m */,
				D70C42F721049FDF001DC4F5 /* MM_LogModule.h */,
				D70C42E221049FDF001DC4F5 /* MM_LogModule.m */,
				D70C42E421049FDF001DC4F5 /* MM_LogFileManager.h */,
				D70C42F621049FDF001DC4F5 /* MM_LogFileManager.m */,
				D70C42E521049FDF001DC4F5 /* CocoaLumberjack */,
				D70C42CA21049FB5001DC4F5 /* Info.plist */,
			);
			path = MMLoger;
			sourceTree = "<group>";
		};
		D70C42D321049FB5001DC4F5 /* MMLogerTests */ = {
			isa = PBXGroup;
			children = (
				D70C42D421049FB5001DC4F5 /* MMLogerTests.m */,
				D70C42D621049FB5001DC4F5 /* Info.plist */,
			);
			path = MMLogerTests;
			sourceTree = "<group>";
		};
		D70C42E521049FDF001DC4F5 /* CocoaLumberjack */ = {
			isa = PBXGroup;
			children = (
				D70C42E921049FDF001DC4F5 /* DDAbstractDatabaseLogger.h */,
				D70C42F221049FDF001DC4F5 /* DDAbstractDatabaseLogger.m */,
				D70C42EC21049FDF001DC4F5 /* DDFileLogger.h */,
				D70C42F321049FDF001DC4F5 /* DDFileLogger.m */,
				D70C42E721049FDF001DC4F5 /* DDLog.h */,
				D70C42ED21049FDF001DC4F5 /* DDLog.m */,
				D70C42EE21049FDF001DC4F5 /* DDContextFilterLogFormatter.h */,
				D70C42E821049FDF001DC4F5 /* DDContextFilterLogFormatter.m */,
				D70C42EF21049FDF001DC4F5 /* DDTTYLogger.h */,
				D70C42E621049FDF001DC4F5 /* DDTTYLogger.m */,
				D70C42F021049FDF001DC4F5 /* DDAssert.h */,
				D70C42F121049FDF001DC4F5 /* DDLog+LOGV.h */,
			);
			path = CocoaLumberjack;
			sourceTree = "<group>";
		};
/* End PBXGroup section */

/* Begin PBXHeadersBuildPhase section */
		D70C42C321049FB5001DC4F5 /* Headers */ = {
			isa = PBXHeadersBuildPhase;
			buildActionMask = 2147483647;
			files = (
				D70C430621049FDF001DC4F5 /* DDContextFilterLogFormatter.h in Headers */,
				D70C43142104A0CB001DC4F5 /* MM_Logger.h in Headers */,
				D70C42FF21049FDF001DC4F5 /* DDLog.h in Headers */,
				D70C430F21049FDF001DC4F5 /* MM_LogModule.h in Headers */,
				D70C430121049FDF001DC4F5 /* DDAbstractDatabaseLogger.h in Headers */,
				D70C430821049FDF001DC4F5 /* DDAssert.h in Headers */,
				D70C430421049FDF001DC4F5 /* DDFileLogger.h in Headers */,
				D70C430721049FDF001DC4F5 /* DDTTYLogger.h in Headers */,
				D70C42FD21049FDF001DC4F5 /* MM_LogFileManager.h in Headers */,
				D70C430921049FDF001DC4F5 /* DDLog+LOGV.h in Headers */,
			);
			runOnlyForDeploymentPostprocessing = 0;
		};
/* End PBXHeadersBuildPhase section */

/* Begin PBXNativeTarget section */
		D70C42C521049FB5001DC4F5 /* MMLoger */ = {
			isa = PBXNativeTarget;
			buildConfigurationList = D70C42DA21049FB5001DC4F5 /* Build configuration list for PBXNativeTarget "MMLoger" */;
			buildPhases = (
				D70C42C121049FB5001DC4F5 /* Sources */,
				D70C42C221049FB5001DC4F5 /* Frameworks */,
				D70C42C321049FB5001DC4F5 /* Headers */,
				D70C42C421049FB5001DC4F5 /* Resources */,
			);
			buildRules = (
			);
			dependencies = (
			);
			name = MMLoger;
			productName = MMLoger;
			productReference = D70C42C621049FB5001DC4F5 /* MMLoger.framework */;
			productType = "com.apple.product-type.framework";
		};
		D70C42CE21049FB5001DC4F5 /* MMLogerTests */ = {
			isa = PBXNativeTarget;
			buildConfigurationList = D70C42DD21049FB5001DC4F5 /* Build configuration list for PBXNativeTarget "MMLogerTests" */;
			buildPhases = (
				D70C42CB21049FB5001DC4F5 /* Sources */,
				D70C42CC21049FB5001DC4F5 /* Frameworks */,
				D70C42CD21049FB5001DC4F5 /* Resources */,
			);
			buildRules = (
			);
			dependencies = (
				D70C42D221049FB5001DC4F5 /* PBXTargetDependency */,
			);
			name = MMLogerTests;
			productName = MMLogerTests;
			productReference = D70C42CF21049FB5001DC4F5 /* MMLogerTests.xctest */;
			productType = "com.apple.product-type.bundle.unit-test";
		};
/* End PBXNativeTarget section */

/* Begin PBXProject section */
		D70C42BD21049FB5001DC4F5 /* Project object */ = {
			isa = PBXProject;
			attributes = {
				LastUpgradeCheck = 0930;
				ORGANIZATIONNAME = "Rocky Young";
				TargetAttributes = {
					D70C42C521049FB5001DC4F5 = {
						CreatedOnToolsVersion = 9.3;
					};
					D70C42CE21049FB5001DC4F5 = {
						CreatedOnToolsVersion = 9.3;
					};
				};
			};
			buildConfigurationList = D70C42C021049FB5001DC4F5 /* Build configuration list for PBXProject "MMLoger" */;
			compatibilityVersion = "Xcode 9.3";
			developmentRegion = en;
			hasScannedForEncodings = 0;
			knownRegions = (
				en,
			);
			mainGroup = D70C42BC21049FB5001DC4F5;
			productRefGroup = D70C42C721049FB5001DC4F5 /* Products */;
			projectDirPath = "";
			projectRoot = "";
			targets = (
				D70C42C521049FB5001DC4F5 /* MMLoger */,
				D70C42CE21049FB5001DC4F5 /* MMLogerTests */,
			);
		};
/* End PBXProject section */

/* Begin PBXResourcesBuildPhase section */
		D70C42C421049FB5001DC4F5 /* Resources */ = {
			isa = PBXResourcesBuildPhase;
			buildActionMask = 2147483647;
			files = (
			);
			runOnlyForDeploymentPostprocessing = 0;
		};
		D70C42CD21049FB5001DC4F5 /* Resources */ = {
			isa = PBXResourcesBuildPhase;
			buildActionMask = 2147483647;
			files = (
			);
			runOnlyForDeploymentPostprocessing = 0;
		};
/* End PBXResourcesBuildPhase section */

/* Begin PBXSourcesBuildPhase section */
		D70C42C121049FB5001DC4F5 /* Sources */ = {
			isa = PBXSourcesBuildPhase;
			buildActionMask = 2147483647;
			files = (
				D70C430E21049FDF001DC4F5 /* MM_LogFileManager.m in Sources */,
				D70C430521049FDF001DC4F5 /* DDLog.m in Sources */,
				D70C430A21049FDF001DC4F5 /* DDAbstractDatabaseLogger.m in Sources */,
				D70C430B21049FDF001DC4F5 /* DDFileLogger.m in Sources */,
				D70C430021049FDF001DC4F5 /* DDContextFilterLogFormatter.m in Sources */,
				D70C42FB21049FDF001DC4F5 /* MM_LogModule.m in Sources */,
				D70C42FE21049FDF001DC4F5 /* DDTTYLogger.m in Sources */,
				D70C43152104A0CB001DC4F5 /* MM_Logger.m in Sources */,
			);
			runOnlyForDeploymentPostprocessing = 0;
		};
		D70C42CB21049FB5001DC4F5 /* Sources */ = {
			isa = PBXSourcesBuildPhase;
			buildActionMask = 2147483647;
			files = (
				D70C42D521049FB5001DC4F5 /* MMLogerTests.m in Sources */,
				D70C43162104A0CB001DC4F5 /* MM_Logger.m in Sources */,
			);
			runOnlyForDeploymentPostprocessing = 0;
		};
/* End PBXSourcesBuildPhase section */

/* Begin PBXTargetDependency section */
		D70C42D221049FB5001DC4F5 /* PBXTargetDependency */ = {
			isa = PBXTargetDependency;
			target = D70C42C521049FB5001DC4F5 /* MMLoger */;
			targetProxy = D70C42D121049FB5001DC4F5 /* PBXContainerItemProxy */;
		};
/* End PBXTargetDependency section */

/* Begin XCBuildConfiguration section */
		D70C42D821049FB5001DC4F5 /* Debug */ = {
			isa = XCBuildConfiguration;
			buildSettings = {
				ALWAYS_SEARCH_USER_PATHS = NO;
				CLANG_ANALYZER_NONNULL = YES;
				CLANG_ANALYZER_NUMBER_OBJECT_CONVERSION = YES_AGGRESSIVE;
				CLANG_CXX_LANGUAGE_STANDARD = "gnu++14";
				CLANG_CXX_LIBRARY = "libc++";
				CLANG_ENABLE_MODULES = YES;
				CLANG_ENABLE_OBJC_ARC = YES;
				CLANG_ENABLE_OBJC_WEAK = YES;
				CLANG_WARN_BLOCK_CAPTURE_AUTORELEASING = YES;
				CLANG_WARN_BOOL_CONVERSION = YES;
				CLANG_WARN_COMMA = YES;
				CLANG_WARN_CONSTANT_CONVERSION = YES;
				CLANG_WARN_DEPRECATED_OBJC_IMPLEMENTATIONS = YES;
				CLANG_WARN_DIRECT_OBJC_ISA_USAGE = YES_ERROR;
				CLANG_WARN_DOCUMENTATION_COMMENTS = YES;
				CLANG_WARN_EMPTY_BODY = YES;
				CLANG_WARN_ENUM_CONVERSION = YES;
				CLANG_WARN_INFINITE_RECURSION = YES;
				CLANG_WARN_INT_CONVERSION = YES;
				CLANG_WARN_NON_LITERAL_NULL_CONVERSION = YES;
				CLANG_WARN_OBJC_IMPLICIT_RETAIN_SELF = YES;
				CLANG_WARN_OBJC_LITERAL_CONVERSION = YES;
				CLANG_WARN_OBJC_ROOT_CLASS = YES_ERROR;
				CLANG_WARN_RANGE_LOOP_ANALYSIS = YES;
				CLANG_WARN_STRICT_PROTOTYPES = YES;
				CLANG_WARN_SUSPICIOUS_MOVE = YES;
				CLANG_WARN_UNGUARDED_AVAILABILITY = YES_AGGRESSIVE;
				CLANG_WARN_UNREACHABLE_CODE = YES;
				CLANG_WARN__DUPLICATE_METHOD_MATCH = YES;
				CODE_SIGN_IDENTITY = "iPhone Developer";
				COPY_PHASE_STRIP = NO;
				CURRENT_PROJECT_VERSION = 1;
				DEBUG_INFORMATION_FORMAT = dwarf;
				ENABLE_STRICT_OBJC_MSGSEND = YES;
				ENABLE_TESTABILITY = YES;
				GCC_C_LANGUAGE_STANDARD = gnu11;
				GCC_DYNAMIC_NO_PIC = NO;
				GCC_NO_COMMON_BLOCKS = YES;
				GCC_OPTIMIZATION_LEVEL = 0;
				GCC_PREPROCESSOR_DEFINITIONS = (
					"DEBUG=1",
					"$(inherited)",
				);
				GCC_WARN_64_TO_32_BIT_CONVERSION = YES;
				GCC_WARN_ABOUT_RETURN_TYPE = YES_ERROR;
				GCC_WARN_UNDECLARED_SELECTOR = YES;
				GCC_WARN_UNINITIALIZED_AUTOS = YES_AGGRESSIVE;
				GCC_WARN_UNUSED_FUNCTION = YES;
				GCC_WARN_UNUSED_VARIABLE = YES;
				IPHONEOS_DEPLOYMENT_TARGET = 11.3;
				MTL_ENABLE_DEBUG_INFO = YES;
				ONLY_ACTIVE_ARCH = YES;
				SDKROOT = iphoneos;
				VERSIONING_SYSTEM = "apple-generic";
				VERSION_INFO_PREFIX = "";
			};
			name = Debug;
		};
		D70C42D921049FB5001DC4F5 /* Release */ = {
			isa = XCBuildConfiguration;
			buildSettings = {
				ALWAYS_SEARCH_USER_PATHS = NO;
				CLANG_ANALYZER_NONNULL = YES;
				CLANG_ANALYZER_NUMBER_OBJECT_CONVERSION = YES_AGGRESSIVE;
				CLANG_CXX_LANGUAGE_STANDARD = "gnu++14";
				CLANG_CXX_LIBRARY = "libc++";
				CLANG_ENABLE_MODULES = YES;
				CLANG_ENABLE_OBJC_ARC = YES;
				CLANG_ENABLE_OBJC_WEAK = YES;
				CLANG_WARN_BLOCK_CAPTURE_AUTORELEASING = YES;
				CLANG_WARN_BOOL_CONVERSION = YES;
				CLANG_WARN_COMMA = YES;
				CLANG_WARN_CONSTANT_CONVERSION = YES;
				CLANG_WARN_DEPRECATED_OBJC_IMPLEMENTATIONS = YES;
				CLANG_WARN_DIRECT_OBJC_ISA_USAGE = YES_ERROR;
				CLANG_WARN_DOCUMENTATION_COMMENTS = YES;
				CLANG_WARN_EMPTY_BODY = YES;
				CLANG_WARN_ENUM_CONVERSION = YES;
				CLANG_WARN_INFINITE_RECURSION = YES;
				CLANG_WARN_INT_CONVERSION = YES;
				CLANG_WARN_NON_LITERAL_NULL_CONVERSION = YES;
				CLANG_WARN_OBJC_IMPLICIT_RETAIN_SELF = YES;
				CLANG_WARN_OBJC_LITERAL_CONVERSION = YES;
				CLANG_WARN_OBJC_ROOT_CLASS = YES_ERROR;
				CLANG_WARN_RANGE_LOOP_ANALYSIS = YES;
				CLANG_WARN_STRICT_PROTOTYPES = YES;
				CLANG_WARN_SUSPICIOUS_MOVE = YES;
				CLANG_WARN_UNGUARDED_AVAILABILITY = YES_AGGRESSIVE;
				CLANG_WARN_UNREACHABLE_CODE = YES;
				CLANG_WARN__DUPLICATE_METHOD_MATCH = YES;
				CODE_SIGN_IDENTITY = "iPhone Developer";
				COPY_PHASE_STRIP = NO;
				CURRENT_PROJECT_VERSION = 1;
				DEBUG_INFORMATION_FORMAT = "dwarf-with-dsym";
				ENABLE_NS_ASSERTIONS = NO;
				ENABLE_STRICT_OBJC_MSGSEND = YES;
				GCC_C_LANGUAGE_STANDARD = gnu11;
				GCC_NO_COMMON_BLOCKS = YES;
				GCC_WARN_64_TO_32_BIT_CONVERSION = YES;
				GCC_WARN_ABOUT_RETURN_TYPE = YES_ERROR;
				GCC_WARN_UNDECLARED_SELECTOR = YES;
				GCC_WARN_UNINITIALIZED_AUTOS = YES_AGGRESSIVE;
				GCC_WARN_UNUSED_FUNCTION = YES;
				GCC_WARN_UNUSED_VARIABLE = YES;
				IPHONEOS_DEPLOYMENT_TARGET = 11.3;
				MTL_ENABLE_DEBUG_INFO = NO;
				SDKROOT = iphoneos;
				VALIDATE_PRODUCT = YES;
				VERSIONING_SYSTEM = "apple-generic";
				VERSION_INFO_PREFIX = "";
			};
			name = Release;
		};
		D70C42DB21049FB5001DC4F5 /* Debug */ = {
			isa = XCBuildConfiguration;
			buildSettings = {
				CODE_SIGN_IDENTITY = "";
				CODE_SIGN_STYLE = Automatic;
				DEFINES_MODULE = YES;
				DEVELOPMENT_TEAM = LL7GM42E2F;
				DYLIB_COMPATIBILITY_VERSION = 1;
				DYLIB_CURRENT_VERSION = 1;
				DYLIB_INSTALL_NAME_BASE = "@rpath";
				INFOPLIST_FILE = MMLoger/Info.plist;
				INSTALL_PATH = "$(LOCAL_LIBRARY_DIR)/Frameworks";
				IPHONEOS_DEPLOYMENT_TARGET = 9.0;
				LD_RUNPATH_SEARCH_PATHS = (
					"$(inherited)",
					"@executable_path/Frameworks",
					"@loader_path/Frameworks",
				);
				PRODUCT_BUNDLE_IDENTIFIER = com.yrocky.MMLoger;
				PRODUCT_NAME = "$(TARGET_NAME:c99extidentifier)";
				SKIP_INSTALL = YES;
				TARGETED_DEVICE_FAMILY = "1,2";
			};
			name = Debug;
		};
		D70C42DC21049FB5001DC4F5 /* Release */ = {
			isa = XCBuildConfiguration;
			buildSettings = {
				CODE_SIGN_IDENTITY = "";
				CODE_SIGN_STYLE = Automatic;
				DEFINES_MODULE = YES;
				DEVELOPMENT_TEAM = LL7GM42E2F;
				DYLIB_COMPATIBILITY_VERSION = 1;
				DYLIB_CURRENT_VERSION = 1;
				DYLIB_INSTALL_NAME_BASE = "@rpath";
				INFOPLIST_FILE = MMLoger/Info.plist;
				INSTALL_PATH = "$(LOCAL_LIBRARY_DIR)/Frameworks";
				IPHONEOS_DEPLOYMENT_TARGET = 9.0;
				LD_RUNPATH_SEARCH_PATHS = (
					"$(inherited)",
					"@executable_path/Frameworks",
					"@loader_path/Frameworks",
				);
				PRODUCT_BUNDLE_IDENTIFIER = com.yrocky.MMLoger;
				PRODUCT_NAME = "$(TARGET_NAME:c99extidentifier)";
				SKIP_INSTALL = YES;
				TARGETED_DEVICE_FAMILY = "1,2";
			};
			name = Release;
		};
		D70C42DE21049FB5001DC4F5 /* Debug */ = {
			isa = XCBuildConfiguration;
			buildSettings = {
				CODE_SIGN_STYLE = Automatic;
				DEVELOPMENT_TEAM = LL7GM42E2F;
				INFOPLIST_FILE = MMLogerTests/Info.plist;
				LD_RUNPATH_SEARCH_PATHS = (
					"$(inherited)",
					"@executable_path/Frameworks",
					"@loader_path/Frameworks",
				);
				PRODUCT_BUNDLE_IDENTIFIER = com.yrocky.MMLogerTests;
				PRODUCT_NAME = "$(TARGET_NAME)";
				TARGETED_DEVICE_FAMILY = "1,2";
			};
			name = Debug;
		};
		D70C42DF21049FB5001DC4F5 /* Release */ = {
			isa = XCBuildConfiguration;
			buildSettings = {
				CODE_SIGN_STYLE = Automatic;
				DEVELOPMENT_TEAM = LL7GM42E2F;
				INFOPLIST_FILE = MMLogerTests/Info.plist;
				LD_RUNPATH_SEARCH_PATHS = (
					"$(inherited)",
					"@executable_path/Frameworks",
					"@loader_path/Frameworks",
				);
				PRODUCT_BUNDLE_IDENTIFIER = com.yrocky.MMLogerTests;
				PRODUCT_NAME = "$(TARGET_NAME)";
				TARGETED_DEVICE_FAMILY = "1,2";
			};
			name = Release;
		};
/* End XCBuildConfiguration section */

/* Begin XCConfigurationList section */
		D70C42C021049FB5001DC4F5 /* Build configuration list for PBXProject "MMLoger" */ = {
			isa = XCConfigurationList;
			buildConfigurations = (
				D70C42D821049FB5001DC4F5 /* Debug */,
				D70C42D921049FB5001DC4F5 /* Release */,
			);
			defaultConfigurationIsVisible = 0;
			defaultConfigurationName = Release;
		};
		D70C42DA21049FB5001DC4F5 /* Build configuration list for PBXNativeTarget "MMLoger" */ = {
			isa = XCConfigurationList;
			buildConfigurations = (
				D70C42DB21049FB5001DC4F5 /* Debug */,
				D70C42DC21049FB5001DC4F5 /* Release */,
			);
			defaultConfigurationIsVisible = 0;
			defaultConfigurationName = Release;
		};
		D70C42DD21049FB5001DC4F5 /* Build configuration list for PBXNativeTarget "MMLogerTests" */ = {
			isa = XCConfigurationList;
			buildConfigurations = (
				D70C42DE21049FB5001DC4F5 /* Debug */,
				D70C42DF21049FB5001DC4F5 /* Release */,
			);
			defaultConfigurationIsVisible = 0;
			defaultConfigurationName = Release;
		};
/* End XCConfigurationList section */
	};
	rootObject = D70C42BD21049FB5001DC4F5 /* Project object */;
}
